
Microsoft Visual Studio Solution File, Format Version 12.00
Project("{2150E333-8FDC-42A3-9474-1A3956D46DE8}") = "src", "src", "{A0EA4A9B-A384-417A-993D-93A279530C54}"
EndProject
Project("{2150E333-8FDC-42A3-9474-1A3956D46DE8}") = "tests", "tests", "{369F163E-A54C-4F73-B88E-DCD1A27D9C2A}"
EndProject
Project("{2150E333-8FDC-42A3-9474-1A3956D46DE8}") = "solutionitems", "solutionitems", "{C01D48F1-0B76-463D-B52C-14A95A2DEDB3}"
	ProjectSection(SolutionItems) = preProject
		compose.yaml = compose.yaml
		Directory.Build.props = Directory.Build.props
		Directory.Packages.props = Directory.Packages.props
		License.md = License.md
		README.md = README.md
		Taskfile.yml = Taskfile.yml
		.gitignore = .gitignore
		.github\workflows\build.yml = .github\workflows\build.yml
		track.md = track.md
		progress.md = progress.md
		observability\tempo\tempo.yaml = observability\tempo\tempo.yaml
		observability\loki\loki.yaml = observability\loki\loki.yaml
		Integration_Plan.md = Integration_Plan.md
		update_readme_coverage.py = update_readme_coverage.py
		DEPLOYMENT.md = DEPLOYMENT.md
		render.yaml = render.yaml
	EndProjectSection
EndProject
Project("{FAE04EC0-301F-11D3-BF4B-00C04F79EFBC}") = "GridTrack.ArchitectureTests", "GridTrack.ArchitectureTests\GridTrack.ArchitectureTests.csproj", "{55985C3F-2869-4E53-A087-B27E7BEAA3A3}"
EndProject
Project("{FAE04EC0-301F-11D3-BF4B-00C04F79EFBC}") = "GridTrack.Domain", "GridTrack.Domain\GridTrack.Domain.csproj", "{90C387A5-0F90-4121-BFC1-049C00926F67}"
EndProject
Project("{FAE04EC0-301F-11D3-BF4B-00C04F79EFBC}") = "GridTrack.Application", "GridTrack.Application\GridTrack.Application.csproj", "{FA364BFD-C3F6-40A5-B04F-C19105D4F8B0}"
EndProject
Project("{FAE04EC0-301F-11D3-BF4B-00C04F79EFBC}") = "GridTrack.Domain.UnitTests", "GridTrack.Domain.UnitTests\GridTrack.Domain.UnitTests.csproj", "{9A7F66E1-73F6-44F8-8DD4-693B63019156}"
EndProject
Project("{FAE04EC0-301F-11D3-BF4B-00C04F79EFBC}") = "GridTrack.NamingConventions", "GridTrack.NamingConventions\GridTrack.NamingConventions.csproj", "{0B0F105D-D2AC-47E5-BB70-AE383690471A}"
EndProject
Project("{FAE04EC0-301F-11D3-BF4B-00C04F79EFBC}") = "GridTrack.Application.UnitTests", "GridTrack.Application.UnitTests\GridTrack.Application.UnitTests.csproj", "{B2826579-BD7D-4156-A705-B6F086104DEA}"
EndProject
Project("{FAE04EC0-301F-11D3-BF4B-00C04F79EFBC}") = "GridTrack.Infrastructure", "GridTrack.Infrastructure\GridTrack.Infrastructure.csproj", "{52792B63-C5A4-467E-AC01-09D9670D18BF}"
EndProject
Project("{FAE04EC0-301F-11D3-BF4B-00C04F79EFBC}") = "GridTrack.Infrastructure.UnitTests", "GridTrack.Infrastructure.UnitTests\GridTrack.Infrastructure.UnitTests.csproj", "{2FD19363-7119-4533-B11B-61C80D157D2F}"
EndProject
Project("{FAE04EC0-301F-11D3-BF4B-00C04F79EFBC}") = "GridTrack.Presentation", "GridTrack.Presentation\GridTrack.Presentation.csproj", "{E65B962A-BDBB-478D-B7FA-4F705B8BC909}"
EndProject
Project("{FAE04EC0-301F-11D3-BF4B-00C04F79EFBC}") = "GridTrack.Api", "GridTrack.Api\GridTrack.Api.csproj", "{15B4223A-C2BE-40A3-A178-519E76986E1D}"
EndProject
Project("{FAE04EC0-301F-11D3-BF4B-00C04F79EFBC}") = "GridTrack.IntegrationTests", "GridTrack.IntegrationTests\GridTrack.IntegrationTests.csproj", "{3193B128-688D-4582-86CA-68D90B6B6317}"
EndProject
Project("{FAE04EC0-301F-11D3-BF4B-00C04F79EFBC}") = "GridTrack.E2ETests", "GridTrack.E2ETests\GridTrack.E2ETests.csproj", "{337C4B3C-0909-4BDA-AC04-CD85EB11CA63}"
EndProject
Global
	GlobalSection(SolutionConfigurationPlatforms) = preSolution
		Debug|Any CPU = Debug|Any CPU
		Debug|x64 = Debug|x64
		Debug|x86 = Debug|x86
		Release|Any CPU = Release|Any CPU
		Release|x64 = Release|x64
		Release|x86 = Release|x86
	EndGlobalSection
	GlobalSection(ProjectConfigurationPlatforms) = postSolution
		{55985C3F-2869-4E53-A087-B27E7BEAA3A3}.Debug|Any CPU.ActiveCfg = Debug|Any CPU
		{55985C3F-2869-4E53-A087-B27E7BEAA3A3}.Debug|Any CPU.Build.0 = Debug|Any CPU
		{55985C3F-2869-4E53-A087-B27E7BEAA3A3}.Debug|x64.ActiveCfg = Debug|Any CPU
		{55985C3F-2869-4E53-A087-B27E7BEAA3A3}.Debug|x64.Build.0 = Debug|Any CPU
		{55985C3F-2869-4E53-A087-B27E7BEAA3A3}.Debug|x86.ActiveCfg = Debug|Any CPU
		{55985C3F-2869-4E53-A087-B27E7BEAA3A3}.Debug|x86.Build.0 = Debug|Any CPU
		{55985C3F-2869-4E53-A087-B27E7BEAA3A3}.Release|Any CPU.ActiveCfg = Release|Any CPU
		{55985C3F-2869-4E53-A087-B27E7BEAA3A3}.Release|Any CPU.Build.0 = Release|Any CPU
		{55985C3F-2869-4E53-A087-B27E7BEAA3A3}.Release|x64.ActiveCfg = Release|Any CPU
		{55985C3F-2869-4E53-A087-B27E7BEAA3A3}.Release|x64.Build.0 = Release|Any CPU
		{55985C3F-2869-4E53-A087-B27E7BEAA3A3}.Release|x86.ActiveCfg = Release|Any CPU
		{55985C3F-2869-4E53-A087-B27E7BEAA3A3}.Release|x86.Build.0 = Release|Any CPU
		{90C387A5-0F90-4121-BFC1-049C00926F67}.Debug|Any CPU.ActiveCfg = Debug|Any CPU
		{90C387A5-0F90-4121-BFC1-049C00926F67}.Debug|Any CPU.Build.0 = Debug|Any CPU
		{90C387A5-0F90-4121-BFC1-049C00926F67}.Debug|x64.ActiveCfg = Debug|Any CPU
		{90C387A5-0F90-4121-BFC1-049C00926F67}.Debug|x64.Build.0 = Debug|Any CPU
		{90C387A5-0F90-4121-BFC1-049C00926F67}.Debug|x86.ActiveCfg = Debug|Any CPU
		{90C387A5-0F90-4121-BFC1-049C00926F67}.Debug|x86.Build.0 = Debug|Any CPU
		{90C387A5-0F90-4121-BFC1-049C00926F67}.Release|Any CPU.ActiveCfg = Release|Any CPU
		{90C387A5-0F90-4121-BFC1-049C00926F67}.Release|Any CPU.Build.0 = Release|Any CPU
		{90C387A5-0F90-4121-BFC1-049C00926F67}.Release|x64.ActiveCfg = Release|Any CPU
		{90C387A5-0F90-4121-BFC1-049C00926F67}.Release|x64.Build.0 = Release|Any CPU
		{90C387A5-0F90-4121-BFC1-049C00926F67}.Release|x86.ActiveCfg = Release|Any CPU
		{90C387A5-0F90-4121-BFC1-049C00926F67}.Release|x86.Build.0 = Release|Any CPU
		{FA364BFD-C3F6-40A5-B04F-C19105D4F8B0}.Debug|Any CPU.ActiveCfg = Debug|Any CPU
		{FA364BFD-C3F6-40A5-B04F-C19105D4F8B0}.Debug|Any CPU.Build.0 = Debug|Any CPU
		{FA364BFD-C3F6-40A5-B04F-C19105D4F8B0}.Debug|x64.ActiveCfg = Debug|Any CPU
		{FA364BFD-C3F6-40A5-B04F-C19105D4F8B0}.Debug|x64.Build.0 = Debug|Any CPU
		{FA364BFD-C3F6-40A5-B04F-C19105D4F8B0}.Debug|x86.ActiveCfg = Debug|Any CPU
		{FA364BFD-C3F6-40A5-B04F-C19105D4F8B0}.Debug|x86.Build.0 = Debug|Any CPU
		{FA364BFD-C3F6-40A5-B04F-C19105D4F8B0}.Release|Any CPU.ActiveCfg = Release|Any CPU
		{FA364BFD-C3F6-40A5-B04F-C19105D4F8B0}.Release|Any CPU.Build.0 = Release|Any CPU
		{FA364BFD-C3F6-40A5-B04F-C19105D4F8B0}.Release|x64.ActiveCfg = Release|Any CPU
		{FA364BFD-C3F6-40A5-B04F-C19105D4F8B0}.Release|x64.Build.0 = Release|Any CPU
		{FA364BFD-C3F6-40A5-B04F-C19105D4F8B0}.Release|x86.ActiveCfg = Release|Any CPU
		{FA364BFD-C3F6-40A5-B04F-C19105D4F8B0}.Release|x86.Build.0 = Release|Any CPU
		{9A7F66E1-73F6-44F8-8DD4-693B63019156}.Debug|Any CPU.ActiveCfg = Debug|Any CPU
		{9A7F66E1-73F6-44F8-8DD4-693B63019156}.Debug|Any CPU.Build.0 = Debug|Any CPU
		{9A7F66E1-73F6-44F8-8DD4-693B63019156}.Debug|x64.ActiveCfg = Debug|Any CPU
		{9A7F66E1-73F6-44F8-8DD4-693B63019156}.Debug|x64.Build.0 = Debug|Any CPU
		{9A7F66E1-73F6-44F8-8DD4-693B63019156}.Debug|x86.ActiveCfg = Debug|Any CPU
		{9A7F66E1-73F6-44F8-8DD4-693B63019156}.Debug|x86.Build.0 = Debug|Any CPU
		{9A7F66E1-73F6-44F8-8DD4-693B63019156}.Release|Any CPU.ActiveCfg = Release|Any CPU
		{9A7F66E1-73F6-44F8-8DD4-693B63019156}.Release|Any CPU.Build.0 = Release|Any CPU
		{9A7F66E1-73F6-44F8-8DD4-693B63019156}.Release|x64.ActiveCfg = Release|Any CPU
		{9A7F66E1-73F6-44F8-8DD4-693B63019156}.Release|x64.Build.0 = Release|Any CPU
		{9A7F66E1-73F6-44F8-8DD4-693B63019156}.Release|x86.ActiveCfg = Release|Any CPU
		{9A7F66E1-73F6-44F8-8DD4-693B63019156}.Release|x86.Build.0 = Release|Any CPU
		{0B0F105D-D2AC-47E5-BB70-AE383690471A}.Debug|Any CPU.ActiveCfg = Debug|Any CPU
		{0B0F105D-D2AC-47E5-BB70-AE383690471A}.Debug|Any CPU.Build.0 = Debug|Any CPU
		{0B0F105D-D2AC-47E5-BB70-AE383690471A}.Debug|x64.ActiveCfg = Debug|Any CPU
		{0B0F105D-D2AC-47E5-BB70-AE383690471A}.Debug|x64.Build.0 = Debug|Any CPU
		{0B0F105D-D2AC-47E5-BB70-AE383690471A}.Debug|x86.ActiveCfg = Debug|Any CPU
		{0B0F105D-D2AC-47E5-BB70-AE383690471A}.Debug|x86.Build.0 = Debug|Any CPU
		{0B0F105D-D2AC-47E5-BB70-AE383690471A}.Release|Any CPU.ActiveCfg = Release|Any CPU
		{0B0F105D-D2AC-47E5-BB70-AE383690471A}.Release|Any CPU.Build.0 = Release|Any CPU
		{0B0F105D-D2AC-47E5-BB70-AE383690471A}.Release|x64.ActiveCfg = Release|Any CPU
		{0B0F105D-D2AC-47E5-BB70-AE383690471A}.Release|x64.Build.0 = Release|Any CPU
		{0B0F105D-D2AC-47E5-BB70-AE383690471A}.Release|x86.ActiveCfg = Release|Any CPU
		{0B0F105D-D2AC-47E5-BB70-AE383690471A}.Release|x86.Build.0 = Release|Any CPU
		{B2826579-BD7D-4156-A705-B6F086104DEA}.Debug|Any CPU.ActiveCfg = Debug|Any CPU
		{B2826579-BD7D-4156-A705-B6F086104DEA}.Debug|Any CPU.Build.0 = Debug|Any CPU
		{B2826579-BD7D-4156-A705-B6F086104DEA}.Debug|x64.ActiveCfg = Debug|Any CPU
		{B2826579-BD7D-4156-A705-B6F086104DEA}.Debug|x64.Build.0 = Debug|Any CPU
		{B2826579-BD7D-4156-A705-B6F086104DEA}.Debug|x86.ActiveCfg = Debug|Any CPU
		{B2826579-BD7D-4156-A705-B6F086104DEA}.Debug|x86.Build.0 = Debug|Any CPU
		{B2826579-BD7D-4156-A705-B6F086104DEA}.Release|Any CPU.ActiveCfg = Release|Any CPU
		{B2826579-BD7D-4156-A705-B6F086104DEA}.Release|Any CPU.Build.0 = Release|Any CPU
		{B2826579-BD7D-4156-A705-B6F086104DEA}.Release|x64.ActiveCfg = Release|Any CPU
		{B2826579-BD7D-4156-A705-B6F086104DEA}.Release|x64.Build.0 = Release|Any CPU
		{B2826579-BD7D-4156-A705-B6F086104DEA}.Release|x86.ActiveCfg = Release|Any CPU
		{B2826579-BD7D-4156-A705-B6F086104DEA}.Release|x86.Build.0 = Release|Any CPU
		{52792B63-C5A4-467E-AC01-09D9670D18BF}.Debug|Any CPU.ActiveCfg = Debug|Any CPU
		{52792B63-C5A4-467E-AC01-09D9670D18BF}.Debug|Any CPU.Build.0 = Debug|Any CPU
		{52792B63-C5A4-467E-AC01-09D9670D18BF}.Debug|x64.ActiveCfg = Debug|Any CPU
		{52792B63-C5A4-467E-AC01-09D9670D18BF}.Debug|x64.Build.0 = Debug|Any CPU
		{52792B63-C5A4-467E-AC01-09D9670D18BF}.Debug|x86.ActiveCfg = Debug|Any CPU
		{52792B63-C5A4-467E-AC01-09D9670D18BF}.Debug|x86.Build.0 = Debug|Any CPU
		{52792B63-C5A4-467E-AC01-09D9670D18BF}.Release|Any CPU.ActiveCfg = Release|Any CPU
		{52792B63-C5A4-467E-AC01-09D9670D18BF}.Release|Any CPU.Build.0 = Release|Any CPU
		{52792B63-C5A4-467E-AC01-09D9670D18BF}.Release|x64.ActiveCfg = Release|Any CPU
		{52792B63-C5A4-467E-AC01-09D9670D18BF}.Release|x64.Build.0 = Release|Any CPU
		{52792B63-C5A4-467E-AC01-09D9670D18BF}.Release|x86.ActiveCfg = Release|Any CPU
		{52792B63-C5A4-467E-AC01-09D9670D18BF}.Release|x86.Build.0 = Release|Any CPU
		{2FD19363-7119-4533-B11B-61C80D157D2F}.Debug|Any CPU.ActiveCfg = Debug|Any CPU
		{2FD19363-7119-4533-B11B-61C80D157D2F}.Debug|Any CPU.Build.0 = Debug|Any CPU
		{2FD19363-7119-4533-B11B-61C80D157D2F}.Debug|x64.ActiveCfg = Debug|Any CPU
		{2FD19363-7119-4533-B11B-61C80D157D2F}.Debug|x64.Build.0 = Debug|Any CPU
		{2FD19363-7119-4533-B11B-61C80D157D2F}.Debug|x86.ActiveCfg = Debug|Any CPU
		{2FD19363-7119-4533-B11B-61C80D157D2F}.Debug|x86.Build.0 = Debug|Any CPU
		{2FD19363-7119-4533-B11B-61C80D157D2F}.Release|Any CPU.ActiveCfg = Release|Any CPU
		{2FD19363-7119-4533-B11B-61C80D157D2F}.Release|Any CPU.Build.0 = Release|Any CPU
		{2FD19363-7119-4533-B11B-61C80D157D2F}.Release|x64.ActiveCfg = Release|Any CPU
		{2FD19363-7119-4533-B11B-61C80D157D2F}.Release|x64.Build.0 = Release|Any CPU
		{2FD19363-7119-4533-B11B-61C80D157D2F}.Release|x86.ActiveCfg = Release|Any CPU
		{2FD19363-7119-4533-B11B-61C80D157D2F}.Release|x86.Build.0 = Release|Any CPU
		{E65B962A-BDBB-478D-B7FA-4F705B8BC909}.Debug|Any CPU.ActiveCfg = Debug|Any CPU
		{E65B962A-BDBB-478D-B7FA-4F705B8BC909}.Debug|Any CPU.Build.0 = Debug|Any CPU
		{E65B962A-BDBB-478D-B7FA-4F705B8BC909}.Debug|x64.ActiveCfg = Debug|Any CPU
		{E65B962A-BDBB-478D-B7FA-4F705B8BC909}.Debug|x64.Build.0 = Debug|Any CPU
		{E65B962A-BDBB-478D-B7FA-4F705B8BC909}.Debug|x86.ActiveCfg = Debug|Any CPU
		{E65B962A-BDBB-478D-B7FA-4F705B8BC909}.Debug|x86.Build.0 = Debug|Any CPU
		{E65B962A-BDBB-478D-B7FA-4F705B8BC909}.Release|Any CPU.ActiveCfg = Release|Any CPU
		{E65B962A-BDBB-478D-B7FA-4F705B8BC909}.Release|Any CPU.Build.0 = Release|Any CPU
		{E65B962A-BDBB-478D-B7FA-4F705B8BC909}.Release|x64.ActiveCfg = Release|Any CPU
		{E65B962A-BDBB-478D-B7FA-4F705B8BC909}.Release|x64.Build.0 = Release|Any CPU
		{E65B962A-BDBB-478D-B7FA-4F705B8BC909}.Release|x86.ActiveCfg = Release|Any CPU
		{E65B962A-BDBB-478D-B7FA-4F705B8BC909}.Release|x86.Build.0 = Release|Any CPU
		{15B4223A-C2BE-40A3-A178-519E76986E1D}.Debug|Any CPU.ActiveCfg = Debug|Any CPU
		{15B4223A-C2BE-40A3-A178-519E76986E1D}.Debug|Any CPU.Build.0 = Debug|Any CPU
		{15B4223A-C2BE-40A3-A178-519E76986E1D}.Debug|x64.ActiveCfg = Debug|Any CPU
		{15B4223A-C2BE-40A3-A178-519E76986E1D}.Debug|x64.Build.0 = Debug|Any CPU
		{15B4223A-C2BE-40A3-A178-519E76986E1D}.Debug|x86.ActiveCfg = Debug|Any CPU
		{15B4223A-C2BE-40A3-A178-519E76986E1D}.Debug|x86.Build.0 = Debug|Any CPU
		{15B4223A-C2BE-40A3-A178-519E76986E1D}.Release|Any CPU.ActiveCfg = Release|Any CPU
		{15B4223A-C2BE-40A3-A178-519E76986E1D}.Release|Any CPU.Build.0 = Release|Any CPU
		{15B4223A-C2BE-40A3-A178-519E76986E1D}.Release|x64.ActiveCfg = Release|Any CPU
		{15B4223A-C2BE-40A3-A178-519E76986E1D}.Release|x64.Build.0 = Release|Any CPU
		{15B4223A-C2BE-40A3-A178-519E76986E1D}.Release|x86.ActiveCfg = Release|Any CPU
		{15B4223A-C2BE-40A3-A178-519E76986E1D}.Release|x86.Build.0 = Release|Any CPU
		{3193B128-688D-4582-86CA-68D90B6B6317}.Debug|Any CPU.ActiveCfg = Debug|Any CPU
		{3193B128-688D-4582-86CA-68D90B6B6317}.Debug|Any CPU.Build.0 = Debug|Any CPU
		{3193B128-688D-4582-86CA-68D90B6B6317}.Debug|x64.ActiveCfg = Debug|Any CPU
		{3193B128-688D-4582-86CA-68D90B6B6317}.Debug|x64.Build.0 = Debug|Any CPU
		{3193B128-688D-4582-86CA-68D90B6B6317}.Debug|x86.ActiveCfg = Debug|Any CPU
		{3193B128-688D-4582-86CA-68D90B6B6317}.Debug|x86.Build.0 = Debug|Any CPU
		{3193B128-688D-4582-86CA-68D90B6B6317}.Release|Any CPU.ActiveCfg = Release|Any CPU
		{3193B128-688D-4582-86CA-68D90B6B6317}.Release|Any CPU.Build.0 = Release|Any CPU
		{3193B128-688D-4582-86CA-68D90B6B6317}.Release|x64.ActiveCfg = Release|Any CPU
		{3193B128-688D-4582-86CA-68D90B6B6317}.Release|x64.Build.0 = Release|Any CPU
		{3193B128-688D-4582-86CA-68D90B6B6317}.Release|x86.ActiveCfg = Release|Any CPU
		{3193B128-688D-4582-86CA-68D90B6B6317}.Release|x86.Build.0 = Release|Any CPU
		{337C4B3C-0909-4BDA-AC04-CD85EB11CA63}.Debug|Any CPU.ActiveCfg = Debug|Any CPU
		{337C4B3C-0909-4BDA-AC04-CD85EB11CA63}.Debug|Any CPU.Build.0 = Debug|Any CPU
		{337C4B3C-0909-4BDA-AC04-CD85EB11CA63}.Debug|x64.ActiveCfg = Debug|Any CPU
		{337C4B3C-0909-4BDA-AC04-CD85EB11CA63}.Debug|x64.Build.0 = Debug|Any CPU
		{337C4B3C-0909-4BDA-AC04-CD85EB11CA63}.Debug|x86.ActiveCfg = Debug|Any CPU
		{337C4B3C-0909-4BDA-AC04-CD85EB11CA63}.Debug|x86.Build.0 = Debug|Any CPU
		{337C4B3C-0909-4BDA-AC04-CD85EB11CA63}.Release|Any CPU.ActiveCfg = Release|Any CPU
		{337C4B3C-0909-4BDA-AC04-CD85EB11CA63}.Release|Any CPU.Build.0 = Release|Any CPU
		{337C4B3C-0909-4BDA-AC04-CD85EB11CA63}.Release|x64.ActiveCfg = Release|Any CPU
		{337C4B3C-0909-4BDA-AC04-CD85EB11CA63}.Release|x64.Build.0 = Release|Any CPU
		{337C4B3C-0909-4BDA-AC04-CD85EB11CA63}.Release|x86.ActiveCfg = Release|Any CPU
		{337C4B3C-0909-4BDA-AC04-CD85EB11CA63}.Release|x86.Build.0 = Release|Any CPU
	EndGlobalSection
	GlobalSection(SolutionProperties) = preSolution
		HideSolutionNode = FALSE
	EndGlobalSection
	GlobalSection(NestedProjects) = preSolution
		{55985C3F-2869-4E53-A087-B27E7BEAA3A3} = {369F163E-A54C-4F73-B88E-DCD1A27D9C2A}
		{90C387A5-0F90-4121-BFC1-049C00926F67} = {A0EA4A9B-A384-417A-993D-93A279530C54}
		{FA364BFD-C3F6-40A5-B04F-C19105D4F8B0} = {A0EA4A9B-A384-417A-993D-93A279530C54}
		{9A7F66E1-73F6-44F8-8DD4-693B63019156} = {369F163E-A54C-4F73-B88E-DCD1A27D9C2A}
		{0B0F105D-D2AC-47E5-BB70-AE383690471A} = {369F163E-A54C-4F73-B88E-DCD1A27D9C2A}
		{B2826579-BD7D-4156-A705-B6F086104DEA} = {369F163E-A54C-4F73-B88E-DCD1A27D9C2A}
		{52792B63-C5A4-467E-AC01-09D9670D18BF} = {A0EA4A9B-A384-417A-993D-93A279530C54}
		{2FD19363-7119-4533-B11B-61C80D157D2F} = {369F163E-A54C-4F73-B88E-DCD1A27D9C2A}
		{E65B962A-BDBB-478D-B7FA-4F705B8BC909} = {A0EA4A9B-A384-417A-993D-93A279530C54}
		{15B4223A-C2BE-40A3-A178-519E76986E1D} = {A0EA4A9B-A384-417A-993D-93A279530C54}
		{3193B128-688D-4582-86CA-68D90B6B6317} = {369F163E-A54C-4F73-B88E-DCD1A27D9C2A}
		{337C4B3C-0909-4BDA-AC04-CD85EB11CA63} = {369F163E-A54C-4F73-B88E-DCD1A27D9C2A}
	EndGlobalSection
EndGlobal
